
Microsoft Visual Studio Solution File, Format Version 12.00
# Visual Studio Version 16
VisualStudioVersion = 16.0.31321.278
MinimumVisualStudioVersion = 10.0.40219.1
Project("{FAE04EC0-301F-11D3-BF4B-00C04F79EFBC}") = "GrpcGreeter", "GrpcGreeter\GrpcGreeter.csproj", "{3F03F3A2-FBA1-4184-BDDC-9BE447581ACD}"
EndProject
Global
	GlobalSection(SolutionConfigurationPlatforms) = preSolution
		Debug|Any CPU = Debug|Any CPU
		Release|Any CPU = Release|Any CPU
	EndGlobalSection
	GlobalSection(ProjectConfigurationPlatforms) = postSolution
		{3F03F3A2-FBA1-4184-BDDC-9BE447581ACD}.Debug|Any CPU.ActiveCfg = Debug|Any CPU
		{3F03F3A2-FBA1-4184-BDDC-9BE447581ACD}.Debug|Any CPU.Build.0 = Debug|Any CPU
		{3F03F3A2-FBA1-4184-BDDC-9BE447581ACD}.Release|Any CPU.ActiveCfg = Release|Any CPU
		{3F03F3A2-FBA1-4184-BDDC-9BE447581ACD}.Release|Any CPU.Build.0 = Release|Any CPU
	EndGlobalSection
	GlobalSection(SolutionProperties) = preSolution
		HideSolutionNode = FALSE
	EndGlobalSection
	GlobalSection(ExtensibilityGlobals) = postSolution
		SolutionGuid = {C40BDDEB-4534-404C-BAEE-2B1603776132}
	EndGlobalSection
EndGlobal
